
Microsoft Visual Studio Solution File, Format Version 12.00
# Visual Studio 14
VisualStudioVersion = 14.0.25420.1
MinimumVisualStudioVersion = 10.0.40219.1
Project("{FAE04EC0-301F-11D3-BF4B-00C04F79EFBC}") = "Library_System_v1", "Library_System_v1\Library_System_v1.csproj", "{4097533F-BF46-4856-9C83-A62B46A669B1}"
EndProject
Project("{FAE04EC0-301F-11D3-BF4B-00C04F79EFBC}") = "Domain", "Domain\Domain.csproj", "{842CA3F9-0ADB-4FB3-849A-77742C86380E}"
EndProject
Project("{FAE04EC0-301F-11D3-BF4B-00C04F79EFBC}") = "RepositoryDB", "RepositoryDB\RepositoryDB.csproj", "{C9565F79-64AF-40BF-945A-338191AD0FD2}"
EndProject
Project("{FAE04EC0-301F-11D3-BF4B-00C04F79EFBC}") = "TestProgram", "TestProgram\TestProgram.csproj", "{278B2093-BFAC-47AD-AAF9-F4951CFF4E70}"
EndProject
Project("{FAE04EC0-301F-11D3-BF4B-00C04F79EFBC}") = "Utilities", "Utilities\Utilities.csproj", "{04925041-BFA1-43C4-A9AA-DA8C6AF55F81}"
EndProject
Global
	GlobalSection(SolutionConfigurationPlatforms) = preSolution
		Debug|Any CPU = Debug|Any CPU
		Release|Any CPU = Release|Any CPU
	EndGlobalSection
	GlobalSection(ProjectConfigurationPlatforms) = postSolution
		{4097533F-BF46-4856-9C83-A62B46A669B1}.Debug|Any CPU.ActiveCfg = Debug|Any CPU
		{4097533F-BF46-4856-9C83-A62B46A669B1}.Debug|Any CPU.Build.0 = Debug|Any CPU
		{4097533F-BF46-4856-9C83-A62B46A669B1}.Release|Any CPU.ActiveCfg = Release|Any CPU
		{4097533F-BF46-4856-9C83-A62B46A669B1}.Release|Any CPU.Build.0 = Release|Any CPU
		{842CA3F9-0ADB-4FB3-849A-77742C86380E}.Debug|Any CPU.ActiveCfg = Debug|Any CPU
		{842CA3F9-0ADB-4FB3-849A-77742C86380E}.Debug|Any CPU.Build.0 = Debug|Any CPU
		{842CA3F9-0ADB-4FB3-849A-77742C86380E}.Release|Any CPU.ActiveCfg = Release|Any CPU
		{842CA3F9-0ADB-4FB3-849A-77742C86380E}.Release|Any CPU.Build.0 = Release|Any CPU
		{C9565F79-64AF-40BF-945A-338191AD0FD2}.Debug|Any CPU.ActiveCfg = Debug|Any CPU
		{C9565F79-64AF-40BF-945A-338191AD0FD2}.Debug|Any CPU.Build.0 = Debug|Any CPU
		{C9565F79-64AF-40BF-945A-338191AD0FD2}.Release|Any CPU.ActiveCfg = Release|Any CPU
		{C9565F79-64AF-40BF-945A-338191AD0FD2}.Release|Any CPU.Build.0 = Release|Any CPU
		{278B2093-BFAC-47AD-AAF9-F4951CFF4E70}.Debug|Any CPU.ActiveCfg = Debug|Any CPU
		{278B2093-BFAC-47AD-AAF9-F4951CFF4E70}.Debug|Any CPU.Build.0 = Debug|Any CPU
		{278B2093-BFAC-47AD-AAF9-F4951CFF4E70}.Release|Any CPU.ActiveCfg = Release|Any CPU
		{278B2093-BFAC-47AD-AAF9-F4951CFF4E70}.Release|Any CPU.Build.0 = Release|Any CPU
		{04925041-BFA1-43C4-A9AA-DA8C6AF55F81}.Debug|Any CPU.ActiveCfg = Debug|Any CPU
		{04925041-BFA1-43C4-A9AA-DA8C6AF55F81}.Debug|Any CPU.Build.0 = Debug|Any CPU
		{04925041-BFA1-43C4-A9AA-DA8C6AF55F81}.Release|Any CPU.ActiveCfg = Release|Any CPU
		{04925041-BFA1-43C4-A9AA-DA8C6AF55F81}.Release|Any CPU.Build.0 = Release|Any CPU
	EndGlobalSection
	GlobalSection(SolutionProperties) = preSolution
		HideSolutionNode = FALSE
	EndGlobalSection
EndGlobal
